<?xml version="1.0" encoding="UTF-8" standalone="yes" ?>
<CodeBlocks_project_file>
	<FileVersion major="1" minor="6" />
	<Project>
		<Option title="empresa-automovil-arboles" />
		<Option pch_mode="2" />
		<Option compiler="gcc" />
		<Build>
			<Target title="Debug">
				<Option output="bin/Debug/empresa-automovil-arboles" prefix_auto="1" extension_auto="1" />
				<Option object_output="obj/Debug/" />
				<Option type="1" />
				<Option compiler="gcc" />
				<Compiler>
					<Add option="-g" />
					<Add directory="include" />
				</Compiler>
			</Target>
			<Target title="Release">
				<Option output="bin/Release/empresa-automovil-arboles" prefix_auto="1" extension_auto="1" />
				<Option object_output="obj/Release/" />
				<Option type="1" />
				<Option compiler="gcc" />
				<Compiler>
					<Add option="-O2" />
					<Add directory="include" />
				</Compiler>
				<Linker>
					<Add option="-s" />
				</Linker>
			</Target>
		</Build>
		<Compiler>
			<Add option="-Wall" />
			<Add option="-fexceptions" />
		</Compiler>
		<Unit filename="include/arbol.h" />
		<Unit filename="include/automovil.h" />
		<Unit filename="include/concesionario.h" />
		<Unit filename="include/listas.h" />
		<Unit filename="include/listas_dobles.h" />
		<Unit filename="main.cpp" />
		<Unit filename="src/arbol.cpp" />
		<Unit filename="src/automovil.cpp" />
		<Unit filename="src/concesionario.cpp" />
		<Unit filename="src/listas.cpp" />
		<Unit filename="src/listas_dobles.cpp" />
		<Extensions />
	</Project>
</CodeBlocks_project_file>
